
Microsoft Visual Studio Solution File, Format Version 12.00
# Visual Studio Version 16
VisualStudioVersion = 16.0.32929.386
MinimumVisualStudioVersion = 10.0.40219.1
Project("{C9674DCB-5085-4A16-B785-4C70DD1589BD}") = "TestSSIS", "TestSSIS\TestSSIS.dtproj", "{ACD588BD-6A4F-49D6-9098-8D9EED7D8E42}"
EndProject
Global
	GlobalSection(SolutionConfigurationPlatforms) = preSolution
		Development|Default = Development|Default
	EndGlobalSection
	GlobalSection(ProjectConfigurationPlatforms) = postSolution
		{ACD588BD-6A4F-49D6-9098-8D9EED7D8E42}.Development|Default.ActiveCfg = Development
		{ACD588BD-6A4F-49D6-9098-8D9EED7D8E42}.Development|Default.Build.0 = Development
	EndGlobalSection
	GlobalSection(SolutionProperties) = preSolution
		HideSolutionNode = FALSE
	EndGlobalSection
	GlobalSection(ExtensibilityGlobals) = postSolution
		SolutionGuid = {F7CA2DBB-7096-4376-93ED-6F1DA7A6ED27}
	EndGlobalSection
EndGlobal
